
Microsoft Visual Studio Solution File, Format Version 12.00
# Visual Studio Version 16
VisualStudioVersion = 16.0.29613.14
MinimumVisualStudioVersion = 10.0.40219.1
Project("{9A19103F-16F7-4668-BE54-9A1E7A4F7556}") = "GameOfLife", "src\GameOfLife\GameOfLife.csproj", "{56166EBC-7BB4-4684-AA77-36F86F1B9FA0}"
EndProject
Project("{9A19103F-16F7-4668-BE54-9A1E7A4F7556}") = "GameOfLife.ConsoleApp", "src\GameOfLife.ConsoleApp\GameOfLife.ConsoleApp.csproj", "{57FF7388-4913-417B-9FAB-73288687D73A}"
EndProject
Global
	GlobalSection(SolutionConfigurationPlatforms) = preSolution
		Debug|Any CPU = Debug|Any CPU
		Release|Any CPU = Release|Any CPU
	EndGlobalSection
	GlobalSection(ProjectConfigurationPlatforms) = postSolution
		{56166EBC-7BB4-4684-AA77-36F86F1B9FA0}.Debug|Any CPU.ActiveCfg = Debug|Any CPU
		{56166EBC-7BB4-4684-AA77-36F86F1B9FA0}.Debug|Any CPU.Build.0 = Debug|Any CPU
		{56166EBC-7BB4-4684-AA77-36F86F1B9FA0}.Release|Any CPU.ActiveCfg = Release|Any CPU
		{56166EBC-7BB4-4684-AA77-36F86F1B9FA0}.Release|Any CPU.Build.0 = Release|Any CPU
		{57FF7388-4913-417B-9FAB-73288687D73A}.Debug|Any CPU.ActiveCfg = Debug|Any CPU
		{57FF7388-4913-417B-9FAB-73288687D73A}.Debug|Any CPU.Build.0 = Debug|Any CPU
		{57FF7388-4913-417B-9FAB-73288687D73A}.Release|Any CPU.ActiveCfg = Release|Any CPU
		{57FF7388-4913-417B-9FAB-73288687D73A}.Release|Any CPU.Build.0 = Release|Any CPU
	EndGlobalSection
	GlobalSection(SolutionProperties) = preSolution
		HideSolutionNode = FALSE
	EndGlobalSection
	GlobalSection(ExtensibilityGlobals) = postSolution
		SolutionGuid = {B62A7932-90DF-4FD2-8861-B52A8737D43E}
	EndGlobalSection
EndGlobal
